
Microsoft Visual Studio Solution File, Format Version 12.00
# Visual Studio Version 17
VisualStudioVersion = 17.7.34221.43
MinimumVisualStudioVersion = 10.0.40219.1
Project("{9A19103F-16F7-4668-BE54-9A1E7A4F7556}") = "QuestViewer", "QuestViewer\QuestViewer.csproj", "{CA23F81D-8682-40BA-B8AF-15E446A4BF41}"
EndProject
Project("{9A19103F-16F7-4668-BE54-9A1E7A4F7556}") = "Tests", "Tests\Tests.csproj", "{A5E7F950-8E72-4885-AE02-0EA39AC19A4A}"
EndProject
Project("{FAE04EC0-301F-11D3-BF4B-00C04F79EFBC}") = "QuestGraph.Core", "QuestViewerAPI\QuestGraph.Core.csproj", "{222FCDDB-3C75-4F89-AA82-51B08598782D}"
EndProject
Global
	GlobalSection(SolutionConfigurationPlatforms) = preSolution
		Debug|Any CPU = Debug|Any CPU
		Release|Any CPU = Release|Any CPU
	EndGlobalSection
	GlobalSection(ProjectConfigurationPlatforms) = postSolution
		{CA23F81D-8682-40BA-B8AF-15E446A4BF41}.Debug|Any CPU.ActiveCfg = Debug|Any CPU
		{CA23F81D-8682-40BA-B8AF-15E446A4BF41}.Debug|Any CPU.Build.0 = Debug|Any CPU
		{CA23F81D-8682-40BA-B8AF-15E446A4BF41}.Release|Any CPU.ActiveCfg = Release|Any CPU
		{CA23F81D-8682-40BA-B8AF-15E446A4BF41}.Release|Any CPU.Build.0 = Release|Any CPU
		{A5E7F950-8E72-4885-AE02-0EA39AC19A4A}.Debug|Any CPU.ActiveCfg = Debug|Any CPU
		{A5E7F950-8E72-4885-AE02-0EA39AC19A4A}.Debug|Any CPU.Build.0 = Debug|Any CPU
		{A5E7F950-8E72-4885-AE02-0EA39AC19A4A}.Release|Any CPU.ActiveCfg = Release|Any CPU
		{A5E7F950-8E72-4885-AE02-0EA39AC19A4A}.Release|Any CPU.Build.0 = Release|Any CPU
		{222FCDDB-3C75-4F89-AA82-51B08598782D}.Debug|Any CPU.ActiveCfg = Debug|Any CPU
		{222FCDDB-3C75-4F89-AA82-51B08598782D}.Debug|Any CPU.Build.0 = Debug|Any CPU
		{222FCDDB-3C75-4F89-AA82-51B08598782D}.Release|Any CPU.ActiveCfg = Release|Any CPU
		{222FCDDB-3C75-4F89-AA82-51B08598782D}.Release|Any CPU.Build.0 = Release|Any CPU
	EndGlobalSection
	GlobalSection(SolutionProperties) = preSolution
		HideSolutionNode = FALSE
	EndGlobalSection
	GlobalSection(ExtensibilityGlobals) = postSolution
		SolutionGuid = {A50375A8-718A-46A4-871F-2B53D1B44889}
	EndGlobalSection
EndGlobal
